<?xml version="1.0" encoding="utf-8"?>
<Project ToolsVersion="4.0" xmlns="http://schemas.microsoft.com/developer/msbuild/2003">
  <ItemGroup>
    <Filter Include="src">
      <UniqueIdentifier>{2DAB880B-99B4-887C-2230-9F7C8E38947C}</UniqueIdentifier>
    </Filter>
  </ItemGroup>
  <ItemGroup>
    <None Include="streamer.def" />
  </ItemGroup>
  <ItemGroup>
    <ClInclude Include="src\callbacks.h">
      <Filter>src</Filter>
    </ClInclude>
    <ClInclude Include="src\cell.h">
      <Filter>src</Filter>
    </ClInclude>
    <ClInclude Include="src\common.h">
      <Filter>src</Filter>
    </ClInclude>
    <ClInclude Include="src\core.h">
      <Filter>src</Filter>
    </ClInclude>
    <ClInclude Include="src\data.h">
      <Filter>src</Filter>
    </ClInclude>
    <ClInclude Include="src\grid.h">
      <Filter>src</Filter>
    </ClInclude>
    <ClInclude Include="src\identifier.h">
      <Filter>src</Filter>
    </ClInclude>
    <ClInclude Include="src\item.h">
      <Filter>src</Filter>
    </ClInclude>
    <ClInclude Include="src\main.h">
      <Filter>src</Filter>
    </ClInclude>
    <ClInclude Include="src\manipulation.h">
      <Filter>src</Filter>
    </ClInclude>
    <ClInclude Include="src\natives.h">
      <Filter>src</Filter>
    </ClInclude>
    <ClInclude Include="src\player.h">
      <Filter>src</Filter>
    </ClInclude>
    <ClInclude Include="src\streamer.h">
      <Filter>src</Filter>
    </ClInclude>
    <ClInclude Include="src\utility.h">
      <Filter>src</Filter>
    </ClInclude>
  </ItemGroup>
  <ItemGroup>
    <ResourceCompile Include="streamer.rc" />
  </ItemGroup>
</Project>